
Microsoft Visual Studio Solution File, Format Version 12.00
# Visual Studio 14
VisualStudioVersion = 14.0.25420.1
MinimumVisualStudioVersion = 10.0.40219.1
Project("{FAE04EC0-301F-11D3-BF4B-00C04F79EFBC}") = "MedicalWebService", "MedicalWebService\MedicalWebService.csproj", "{2E7DC4D5-9D31-4502-AD6A-37B6BA28FECD}"
EndProject
Project("{FAE04EC0-301F-11D3-BF4B-00C04F79EFBC}") = "MedicalWebService.Tests", "MedicalWebService.Tests\MedicalWebService.Tests.csproj", "{1B1F3815-FDA3-4612-BC98-F9886E0E6CAD}"
EndProject
Project("{FAE04EC0-301F-11D3-BF4B-00C04F79EFBC}") = "MedicalFrontend", "MedicalFrontend\MedicalFrontend.csproj", "{749C31B4-F5C1-4CD1-BA35-07CB58932F27}"
EndProject
Project("{FAE04EC0-301F-11D3-BF4B-00C04F79EFBC}") = "MedicalFrontend.Tests", "MedicalFrontend.Tests\MedicalFrontend.Tests.csproj", "{8AF3A631-E0E9-4A6C-B0BF-72D685BF6536}"
EndProject
Global
	GlobalSection(SolutionConfigurationPlatforms) = preSolution
		Debug|Any CPU = Debug|Any CPU
		Release|Any CPU = Release|Any CPU
	EndGlobalSection
	GlobalSection(ProjectConfigurationPlatforms) = postSolution
		{2E7DC4D5-9D31-4502-AD6A-37B6BA28FECD}.Debug|Any CPU.ActiveCfg = Debug|Any CPU
		{2E7DC4D5-9D31-4502-AD6A-37B6BA28FECD}.Debug|Any CPU.Build.0 = Debug|Any CPU
		{2E7DC4D5-9D31-4502-AD6A-37B6BA28FECD}.Release|Any CPU.ActiveCfg = Release|Any CPU
		{2E7DC4D5-9D31-4502-AD6A-37B6BA28FECD}.Release|Any CPU.Build.0 = Release|Any CPU
		{1B1F3815-FDA3-4612-BC98-F9886E0E6CAD}.Debug|Any CPU.ActiveCfg = Debug|Any CPU
		{1B1F3815-FDA3-4612-BC98-F9886E0E6CAD}.Debug|Any CPU.Build.0 = Debug|Any CPU
		{1B1F3815-FDA3-4612-BC98-F9886E0E6CAD}.Release|Any CPU.ActiveCfg = Release|Any CPU
		{1B1F3815-FDA3-4612-BC98-F9886E0E6CAD}.Release|Any CPU.Build.0 = Release|Any CPU
		{749C31B4-F5C1-4CD1-BA35-07CB58932F27}.Debug|Any CPU.ActiveCfg = Debug|Any CPU
		{749C31B4-F5C1-4CD1-BA35-07CB58932F27}.Debug|Any CPU.Build.0 = Debug|Any CPU
		{749C31B4-F5C1-4CD1-BA35-07CB58932F27}.Release|Any CPU.ActiveCfg = Release|Any CPU
		{749C31B4-F5C1-4CD1-BA35-07CB58932F27}.Release|Any CPU.Build.0 = Release|Any CPU
		{8AF3A631-E0E9-4A6C-B0BF-72D685BF6536}.Debug|Any CPU.ActiveCfg = Debug|Any CPU
		{8AF3A631-E0E9-4A6C-B0BF-72D685BF6536}.Debug|Any CPU.Build.0 = Debug|Any CPU
		{8AF3A631-E0E9-4A6C-B0BF-72D685BF6536}.Release|Any CPU.ActiveCfg = Release|Any CPU
		{8AF3A631-E0E9-4A6C-B0BF-72D685BF6536}.Release|Any CPU.Build.0 = Release|Any CPU
	EndGlobalSection
	GlobalSection(SolutionProperties) = preSolution
		HideSolutionNode = FALSE
	EndGlobalSection
EndGlobal
